{
  "name": "generate-uids",
  "version": "1.0.0",
  "lockfileVersion": 1,
  "requires": true,
  "dependencies": {
    "unidecode": {
      "version": "0.1.8",
      "resolved": "https://registry.npmjs.org/unidecode/-/unidecode-0.1.8.tgz",
      "integrity": "sha1-77swFTi8RSRqmsjFWdcvAVMFBT4="
    },
    "url-slug": {
      "version": "2.3.1",
      "resolved": "https://registry.npmjs.org/url-slug/-/url-slug-2.3.1.tgz",
      "integrity": "sha512-5VDeQm05MkmDYMATArVCevXcPkAnZVfnTrpk8sgmqM/DBKVg4VDPEobmOkEVM9MgGdOi2UBRNuU2lqBSphWMJA==",
      "requires": {
        "unidecode": "^0.1.8"
      }
    }
  }
}
